
Microsoft Visual Studio Solution File, Format Version 12.00
# Visual Studio Version 17
VisualStudioVersion = 17.2.32616.157
MinimumVisualStudioVersion = 10.0.40219.1
Project("{9A19103F-16F7-4668-BE54-9A1E7A4F7556}") = "MockSocket", "src\MockSocket\MockSocket.csproj", "{B7ADFCE3-69B9-4DD0-BBA4-F63C392B06FA}"
EndProject
Project("{2150E333-8FDC-42A3-9474-1A3956D46DE8}") = "src", "src", "{2559AD34-193B-46BD-8308-2B979CDFB193}"
EndProject
Project("{9A19103F-16F7-4668-BE54-9A1E7A4F7556}") = "MockSocket.Server", "src\MockSocket.Server\MockSocket.Server.csproj", "{7C50F4B2-019B-4032-8A56-441CB220BFCB}"
EndProject
Project("{9A19103F-16F7-4668-BE54-9A1E7A4F7556}") = "MockSocket.Agent", "src\MockSocket.Agent\MockSocket.Agent.csproj", "{379151D7-E0AB-4451-AE58-4FF1187E85D5}"
EndProject
Project("{2150E333-8FDC-42A3-9474-1A3956D46DE8}") = "test", "test", "{9029273C-1B38-4070-B690-6256F4CD207C}"
EndProject
Project("{FAE04EC0-301F-11D3-BF4B-00C04F79EFBC}") = "MockSocket.xUnit", "test\MockSocket.xUnit\MockSocket.xUnit.csproj", "{CD2A7B18-625E-40B6-9A22-2EC5B8DC77A0}"
EndProject
Global
	GlobalSection(SolutionConfigurationPlatforms) = preSolution
		Debug|Any CPU = Debug|Any CPU
		Release|Any CPU = Release|Any CPU
	EndGlobalSection
	GlobalSection(ProjectConfigurationPlatforms) = postSolution
		{B7ADFCE3-69B9-4DD0-BBA4-F63C392B06FA}.Debug|Any CPU.ActiveCfg = Debug|Any CPU
		{B7ADFCE3-69B9-4DD0-BBA4-F63C392B06FA}.Debug|Any CPU.Build.0 = Debug|Any CPU
		{B7ADFCE3-69B9-4DD0-BBA4-F63C392B06FA}.Release|Any CPU.ActiveCfg = Release|Any CPU
		{B7ADFCE3-69B9-4DD0-BBA4-F63C392B06FA}.Release|Any CPU.Build.0 = Release|Any CPU
		{7C50F4B2-019B-4032-8A56-441CB220BFCB}.Debug|Any CPU.ActiveCfg = Debug|Any CPU
		{7C50F4B2-019B-4032-8A56-441CB220BFCB}.Debug|Any CPU.Build.0 = Debug|Any CPU
		{7C50F4B2-019B-4032-8A56-441CB220BFCB}.Release|Any CPU.ActiveCfg = Release|Any CPU
		{7C50F4B2-019B-4032-8A56-441CB220BFCB}.Release|Any CPU.Build.0 = Release|Any CPU
		{379151D7-E0AB-4451-AE58-4FF1187E85D5}.Debug|Any CPU.ActiveCfg = Debug|Any CPU
		{379151D7-E0AB-4451-AE58-4FF1187E85D5}.Debug|Any CPU.Build.0 = Debug|Any CPU
		{379151D7-E0AB-4451-AE58-4FF1187E85D5}.Release|Any CPU.ActiveCfg = Release|Any CPU
		{379151D7-E0AB-4451-AE58-4FF1187E85D5}.Release|Any CPU.Build.0 = Release|Any CPU
		{CD2A7B18-625E-40B6-9A22-2EC5B8DC77A0}.Debug|Any CPU.ActiveCfg = Debug|Any CPU
		{CD2A7B18-625E-40B6-9A22-2EC5B8DC77A0}.Debug|Any CPU.Build.0 = Debug|Any CPU
		{CD2A7B18-625E-40B6-9A22-2EC5B8DC77A0}.Release|Any CPU.ActiveCfg = Release|Any CPU
		{CD2A7B18-625E-40B6-9A22-2EC5B8DC77A0}.Release|Any CPU.Build.0 = Release|Any CPU
	EndGlobalSection
	GlobalSection(SolutionProperties) = preSolution
		HideSolutionNode = FALSE
	EndGlobalSection
	GlobalSection(NestedProjects) = preSolution
		{B7ADFCE3-69B9-4DD0-BBA4-F63C392B06FA} = {2559AD34-193B-46BD-8308-2B979CDFB193}
		{7C50F4B2-019B-4032-8A56-441CB220BFCB} = {2559AD34-193B-46BD-8308-2B979CDFB193}
		{379151D7-E0AB-4451-AE58-4FF1187E85D5} = {2559AD34-193B-46BD-8308-2B979CDFB193}
		{CD2A7B18-625E-40B6-9A22-2EC5B8DC77A0} = {9029273C-1B38-4070-B690-6256F4CD207C}
	EndGlobalSection
	GlobalSection(ExtensibilityGlobals) = postSolution
		SolutionGuid = {97F367FC-2651-49ED-962F-6A5BC9AA7F5C}
	EndGlobalSection
EndGlobal
