
Microsoft Visual Studio Solution File, Format Version 12.00
# Visual Studio Version 17
VisualStudioVersion = 17.2.32616.157
MinimumVisualStudioVersion = 10.0.40219.1
Project("{9A19103F-16F7-4668-BE54-9A1E7A4F7556}") = "MockSocket", "src\MockSocket\MockSocket.csproj", "{B7ADFCE3-69B9-4DD0-BBA4-F63C392B06FA}"
EndProject
Project("{2150E333-8FDC-42A3-9474-1A3956D46DE8}") = "src", "src", "{2559AD34-193B-46BD-8308-2B979CDFB193}"
EndProject
Project("{9A19103F-16F7-4668-BE54-9A1E7A4F7556}") = "MockSocket.Server", "src\MockSocket.Server\MockSocket.Server.csproj", "{7C50F4B2-019B-4032-8A56-441CB220BFCB}"
EndProject
Project("{9A19103F-16F7-4668-BE54-9A1E7A4F7556}") = "MockSocket.Agent", "src\MockSocket.Agent\MockSocket.Agent.csproj", "{379151D7-E0AB-4451-AE58-4FF1187E85D5}"
EndProject
Project("{2150E333-8FDC-42A3-9474-1A3956D46DE8}") = "test", "test", "{9029273C-1B38-4070-B690-6256F4CD207C}"
EndProject
Project("{9A19103F-16F7-4668-BE54-9A1E7A4F7556}") = "MockSocket.xUnit", "test\MockSocket.xUnit\MockSocket.xUnit.csproj", "{CD2A7B18-625E-40B6-9A22-2EC5B8DC77A0}"
EndProject
Project("{2150E333-8FDC-42A3-9474-1A3956D46DE8}") = "docs", "docs", "{B3CC55CB-F779-4A9C-9396-1DDADFD5480C}"
	ProjectSection(SolutionItems) = preProject
		docs\ab.md = docs\ab.md
		docs\benchmark.md = docs\benchmark.md
		README.md = README.md
	EndProjectSection
EndProject
Project("{9A19103F-16F7-4668-BE54-9A1E7A4F7556}") = "MockSocket.Benchmarks", "benchmark\MockSocket.Benchmarks\MockSocket.Benchmarks.csproj", "{C855C519-F4AE-4666-8502-4677A9748AC0}"
EndProject
Project("{2150E333-8FDC-42A3-9474-1A3956D46DE8}") = "benchmark", "benchmark", "{C4E37B38-6CFB-4CC5-AF23-BBD56EF263BB}"
EndProject
Project("{9A19103F-16F7-4668-BE54-9A1E7A4F7556}") = "MockClient", "src\MockClient\MockClient.csproj", "{BA379BB7-BF95-4F6D-9274-E8B1B6F6E00C}"
EndProject
Project("{2150E333-8FDC-42A3-9474-1A3956D46DE8}") = "Solution Items", "Solution Items", "{79CED911-80E2-4936-ABF9-955615589E9F}"
	ProjectSection(SolutionItems) = preProject
		.editorconfig = .editorconfig
	EndProjectSection
EndProject
Global
	GlobalSection(SolutionConfigurationPlatforms) = preSolution
		Debug|Any CPU = Debug|Any CPU
		Release|Any CPU = Release|Any CPU
	EndGlobalSection
	GlobalSection(ProjectConfigurationPlatforms) = postSolution
		{B7ADFCE3-69B9-4DD0-BBA4-F63C392B06FA}.Debug|Any CPU.ActiveCfg = Debug|Any CPU
		{B7ADFCE3-69B9-4DD0-BBA4-F63C392B06FA}.Debug|Any CPU.Build.0 = Debug|Any CPU
		{B7ADFCE3-69B9-4DD0-BBA4-F63C392B06FA}.Release|Any CPU.ActiveCfg = Release|Any CPU
		{B7ADFCE3-69B9-4DD0-BBA4-F63C392B06FA}.Release|Any CPU.Build.0 = Release|Any CPU
		{7C50F4B2-019B-4032-8A56-441CB220BFCB}.Debug|Any CPU.ActiveCfg = Debug|Any CPU
		{7C50F4B2-019B-4032-8A56-441CB220BFCB}.Debug|Any CPU.Build.0 = Debug|Any CPU
		{7C50F4B2-019B-4032-8A56-441CB220BFCB}.Release|Any CPU.ActiveCfg = Release|Any CPU
		{7C50F4B2-019B-4032-8A56-441CB220BFCB}.Release|Any CPU.Build.0 = Release|Any CPU
		{379151D7-E0AB-4451-AE58-4FF1187E85D5}.Debug|Any CPU.ActiveCfg = Debug|Any CPU
		{379151D7-E0AB-4451-AE58-4FF1187E85D5}.Debug|Any CPU.Build.0 = Debug|Any CPU
		{379151D7-E0AB-4451-AE58-4FF1187E85D5}.Release|Any CPU.ActiveCfg = Release|Any CPU
		{379151D7-E0AB-4451-AE58-4FF1187E85D5}.Release|Any CPU.Build.0 = Release|Any CPU
		{CD2A7B18-625E-40B6-9A22-2EC5B8DC77A0}.Debug|Any CPU.ActiveCfg = Debug|Any CPU
		{CD2A7B18-625E-40B6-9A22-2EC5B8DC77A0}.Debug|Any CPU.Build.0 = Debug|Any CPU
		{CD2A7B18-625E-40B6-9A22-2EC5B8DC77A0}.Release|Any CPU.ActiveCfg = Release|Any CPU
		{CD2A7B18-625E-40B6-9A22-2EC5B8DC77A0}.Release|Any CPU.Build.0 = Release|Any CPU
		{C855C519-F4AE-4666-8502-4677A9748AC0}.Debug|Any CPU.ActiveCfg = Debug|Any CPU
		{C855C519-F4AE-4666-8502-4677A9748AC0}.Debug|Any CPU.Build.0 = Debug|Any CPU
		{C855C519-F4AE-4666-8502-4677A9748AC0}.Release|Any CPU.ActiveCfg = Release|Any CPU
		{C855C519-F4AE-4666-8502-4677A9748AC0}.Release|Any CPU.Build.0 = Release|Any CPU
		{BA379BB7-BF95-4F6D-9274-E8B1B6F6E00C}.Debug|Any CPU.ActiveCfg = Debug|Any CPU
		{BA379BB7-BF95-4F6D-9274-E8B1B6F6E00C}.Debug|Any CPU.Build.0 = Debug|Any CPU
		{BA379BB7-BF95-4F6D-9274-E8B1B6F6E00C}.Release|Any CPU.ActiveCfg = Release|Any CPU
		{BA379BB7-BF95-4F6D-9274-E8B1B6F6E00C}.Release|Any CPU.Build.0 = Release|Any CPU
	EndGlobalSection
	GlobalSection(SolutionProperties) = preSolution
		HideSolutionNode = FALSE
	EndGlobalSection
	GlobalSection(NestedProjects) = preSolution
		{B7ADFCE3-69B9-4DD0-BBA4-F63C392B06FA} = {2559AD34-193B-46BD-8308-2B979CDFB193}
		{7C50F4B2-019B-4032-8A56-441CB220BFCB} = {2559AD34-193B-46BD-8308-2B979CDFB193}
		{379151D7-E0AB-4451-AE58-4FF1187E85D5} = {2559AD34-193B-46BD-8308-2B979CDFB193}
		{CD2A7B18-625E-40B6-9A22-2EC5B8DC77A0} = {9029273C-1B38-4070-B690-6256F4CD207C}
		{C855C519-F4AE-4666-8502-4677A9748AC0} = {C4E37B38-6CFB-4CC5-AF23-BBD56EF263BB}
		{BA379BB7-BF95-4F6D-9274-E8B1B6F6E00C} = {2559AD34-193B-46BD-8308-2B979CDFB193}
	EndGlobalSection
	GlobalSection(ExtensibilityGlobals) = postSolution
		SolutionGuid = {97F367FC-2651-49ED-962F-6A5BC9AA7F5C}
	EndGlobalSection
EndGlobal
